// !$*UTF8*$!
{
	archiveVersion = 1;
	classes = {
	};
	objectVersion = 56;
	objects = {

/* Begin PBXBuildFile section */
		32EA045329241DC400BA7B57 /* AppDelegate.swift in Sources */ = {isa = PBXBuildFile; fileRef = 32EA045229241DC400BA7B57 /* AppDelegate.swift */; };
		32EA045529241DC400BA7B57 /* SceneDelegate.swift in Sources */ = {isa = PBXBuildFile; fileRef = 32EA045429241DC400BA7B57 /* SceneDelegate.swift */; };
		32EA045729241DC400BA7B57 /* ViewController.swift in Sources */ = {isa = PBXBuildFile; fileRef = 32EA045629241DC400BA7B57 /* ViewController.swift */; };
		32EA045A29241DC400BA7B57 /* Main.storyboard in Resources */ = {isa = PBXBuildFile; fileRef = 32EA045829241DC400BA7B57 /* Main.storyboard */; };
		32EA045C29241DC600BA7B57 /* Assets.xcassets in Resources */ = {isa = PBXBuildFile; fileRef = 32EA045B29241DC600BA7B57 /* Assets.xcassets */; };
		32EA045F29241DC600BA7B57 /* LaunchScreen.storyboard in Resources */ = {isa = PBXBuildFile; fileRef = 32EA045D29241DC600BA7B57 /* LaunchScreen.storyboard */; };
		32EA046A29241DC700BA7B57 /* Chefs_EyeTests.swift in Sources */ = {isa = PBXBuildFile; fileRef = 32EA046929241DC700BA7B57 /* Chefs_EyeTests.swift */; };
		32EA047429241DC700BA7B57 /* Chefs_EyeUITests.swift in Sources */ = {isa = PBXBuildFile; fileRef = 32EA047329241DC700BA7B57 /* Chefs_EyeUITests.swift */; };
		32EA047629241DC700BA7B57 /* Chefs_EyeUITestsLaunchTests.swift in Sources */ = {isa = PBXBuildFile; fileRef = 32EA047529241DC700BA7B57 /* Chefs_EyeUITestsLaunchTests.swift */; };
/* End PBXBuildFile section */

/* Begin PBXContainerItemProxy section */
		32EA046629241DC700BA7B57 /* PBXContainerItemProxy */ = {
			isa = PBXContainerItemProxy;
			containerPortal = 32EA044729241DC400BA7B57 /* Project object */;
			proxyType = 1;
			remoteGlobalIDString = 32EA044E29241DC400BA7B57;
			remoteInfo = "Chefs Eye";
		};
		32EA047029241DC700BA7B57 /* PBXContainerItemProxy */ = {
			isa = PBXContainerItemProxy;
			containerPortal = 32EA044729241DC400BA7B57 /* Project object */;
			proxyType = 1;
			remoteGlobalIDString = 32EA044E29241DC400BA7B57;
			remoteInfo = "Chefs Eye";
		};
/* End PBXContainerItemProxy section */

/* Begin PBXFileReference section */
		32EA044F29241DC400BA7B57 /* Chefs Eye.app */ = {isa = PBXFileReference; explicitFileType = wrapper.application; includeInIndex = 0; path = "Chefs Eye.app"; sourceTree = BUILT_PRODUCTS_DIR; };
		32EA045229241DC400BA7B57 /* AppDelegate.swift */ = {isa = PBXFileReference; lastKnownFileType = sourcecode.swift; path = AppDelegate.swift; sourceTree = "<group>"; };
		32EA045429241DC400BA7B57 /* SceneDelegate.swift */ = {isa = PBXFileReference; lastKnownFileType = sourcecode.swift; path = SceneDelegate.swift; sourceTree = "<group>"; };
		32EA045629241DC400BA7B57 /* ViewController.swift */ = {isa = PBXFileReference; lastKnownFileType = sourcecode.swift; path = ViewController.swift; sourceTree = "<group>"; };
		32EA045929241DC400BA7B57 /* Base */ = {isa = PBXFileReference; lastKnownFileType = file.storyboard; name = Base; path = Base.lproj/Main.storyboard; sourceTree = "<group>"; };
		32EA045B29241DC600BA7B57 /* Assets.xcassets */ = {isa = PBXFileReference; lastKnownFileType = folder.assetcatalog; path = Assets.xcassets; sourceTree = "<group>"; };
		32EA045E29241DC600BA7B57 /* Base */ = {isa = PBXFileReference; lastKnownFileType = file.storyboard; name = Base; path = Base.lproj/LaunchScreen.storyboard; sourceTree = "<group>"; };
		32EA046029241DC600BA7B57 /* Info.plist */ = {isa = PBXFileReference; lastKnownFileType = text.plist.xml; path = Info.plist; sourceTree = "<group>"; };
		32EA046529241DC700BA7B57 /* Chefs EyeTests.xctest */ = {isa = PBXFileReference; explicitFileType = wrapper.cfbundle; includeInIndex = 0; path = "Chefs EyeTests.xctest"; sourceTree = BUILT_PRODUCTS_DIR; };
		32EA046929241DC700BA7B57 /* Chefs_EyeTests.swift */ = {isa = PBXFileReference; lastKnownFileType = sourcecode.swift; path = Chefs_EyeTests.swift; sourceTree = "<group>"; };
		32EA046F29241DC700BA7B57 /* Chefs EyeUITests.xctest */ = {isa = PBXFileReference; explicitFileType = wrapper.cfbundle; includeInIndex = 0; path = "Chefs EyeUITests.xctest"; sourceTree = BUILT_PRODUCTS_DIR; };
		32EA047329241DC700BA7B57 /* Chefs_EyeUITests.swift */ = {isa = PBXFileReference; lastKnownFileType = sourcecode.swift; path = Chefs_EyeUITests.swift; sourceTree = "<group>"; };
		32EA047529241DC700BA7B57 /* Chefs_EyeUITestsLaunchTests.swift */ = {isa = PBXFileReference; lastKnownFileType = sourcecode.swift; path = Chefs_EyeUITestsLaunchTests.swift; sourceTree = "<group>"; };
/* End PBXFileReference section */

/* Begin PBXFrameworksBuildPhase section */
		32EA044C29241DC400BA7B57 /* Frameworks */ = {
			isa = PBXFrameworksBuildPhase;
			buildActionMask = 2147483647;
			files = (
			);
			runOnlyForDeploymentPostprocessing = 0;
		};
		32EA046229241DC700BA7B57 /* Frameworks */ = {
			isa = PBXFrameworksBuildPhase;
			buildActionMask = 2147483647;
			files = (
			);
			runOnlyForDeploymentPostprocessing = 0;
		};
		32EA046C29241DC700BA7B57 /* Frameworks */ = {
			isa = PBXFrameworksBuildPhase;
			buildActionMask = 2147483647;
			files = (
			);
			runOnlyForDeploymentPostprocessing = 0;
		};
/* End PBXFrameworksBuildPhase section */

/* Begin PBXGroup section */
		32EA044629241DC400BA7B57 = {
			isa = PBXGroup;
			children = (
				32EA045129241DC400BA7B57 /* Chefs Eye */,
				32EA046829241DC700BA7B57 /* Chefs EyeTests */,
				32EA047229241DC700BA7B57 /* Chefs EyeUITests */,
				32EA045029241DC400BA7B57 /* Products */,
			);
			sourceTree = "<group>";
		};
		32EA045029241DC400BA7B57 /* Products */ = {
			isa = PBXGroup;
			children = (
				32EA044F29241DC400BA7B57 /* Chefs Eye.app */,
				32EA046529241DC700BA7B57 /* Chefs EyeTests.xctest */,
				32EA046F29241DC700BA7B57 /* Chefs EyeUITests.xctest */,
			);
			name = Products;
			sourceTree = "<group>";
		};
		32EA045129241DC400BA7B57 /* Chefs Eye */ = {
			isa = PBXGroup;
			children = (
				32EA045229241DC400BA7B57 /* AppDelegate.swift */,
				32EA045429241DC400BA7B57 /* SceneDelegate.swift */,
				32EA045629241DC400BA7B57 /* ViewController.swift */,
				32EA045829241DC400BA7B57 /* Main.storyboard */,
				32EA045B29241DC600BA7B57 /* Assets.xcassets */,
				32EA045D29241DC600BA7B57 /* LaunchScreen.storyboard */,
				32EA046029241DC600BA7B57 /* Info.plist */,
			);
			path = "Chefs Eye";
			sourceTree = "<group>";
		};
		32EA046829241DC700BA7B57 /* Chefs EyeTests */ = {
			isa = PBXGroup;
			children = (
				32EA046929241DC700BA7B57 /* Chefs_EyeTests.swift */,
			);
			path = "Chefs EyeTests";
			sourceTree = "<group>";
		};
		32EA047229241DC700BA7B57 /* Chefs EyeUITests */ = {
			isa = PBXGroup;
			children = (
				32EA047329241DC700BA7B57 /* Chefs_EyeUITests.swift */,
				32EA047529241DC700BA7B57 /* Chefs_EyeUITestsLaunchTests.swift */,
			);
			path = "Chefs EyeUITests";
			sourceTree = "<group>";
		};
/* End PBXGroup section */

/* Begin PBXNativeTarget section */
		32EA044E29241DC400BA7B57 /* Chefs Eye */ = {
			isa = PBXNativeTarget;
			buildConfigurationList = 32EA047929241DC700BA7B57 /* Build configuration list for PBXNativeTarget "Chefs Eye" */;
			buildPhases = (
				32EA044B29241DC400BA7B57 /* Sources */,
				32EA044C29241DC400BA7B57 /* Frameworks */,
				32EA044D29241DC400BA7B57 /* Resources */,
			);
			buildRules = (
			);
			dependencies = (
			);
			name = "Chefs Eye";
			productName = "Chefs Eye";
			productReference = 32EA044F29241DC400BA7B57 /* Chefs Eye.app */;
			productType = "com.apple.product-type.application";
		};
		32EA046429241DC700BA7B57 /* Chefs EyeTests */ = {
			isa = PBXNativeTarget;
			buildConfigurationList = 32EA047C29241DC700BA7B57 /* Build configuration list for PBXNativeTarget "Chefs EyeTests" */;
			buildPhases = (
				32EA046129241DC700BA7B57 /* Sources */,
				32EA046229241DC700BA7B57 /* Frameworks */,
				32EA046329241DC700BA7B57 /* Resources */,
			);
			buildRules = (
			);
			dependencies = (
				32EA046729241DC700BA7B57 /* PBXTargetDependency */,
			);
			name = "Chefs EyeTests";
			productName = "Chefs EyeTests";
			productReference = 32EA046529241DC700BA7B57 /* Chefs EyeTests.xctest */;
			productType = "com.apple.product-type.bundle.unit-test";
		};
		32EA046E29241DC700BA7B57 /* Chefs EyeUITests */ = {
			isa = PBXNativeTarget;
			buildConfigurationList = 32EA047F29241DC700BA7B57 /* Build configuration list for PBXNativeTarget "Chefs EyeUITests" */;
			buildPhases = (
				32EA046B29241DC700BA7B57 /* Sources */,
				32EA046C29241DC700BA7B57 /* Frameworks */,
				32EA046D29241DC700BA7B57 /* Resources */,
			);
			buildRules = (
			);
			dependencies = (
				32EA047129241DC700BA7B57 /* PBXTargetDependency */,
			);
			name = "Chefs EyeUITests";
			productName = "Chefs EyeUITests";
			productReference = 32EA046F29241DC700BA7B57 /* Chefs EyeUITests.xctest */;
			productType = "com.apple.product-type.bundle.ui-testing";
		};
/* End PBXNativeTarget section */

/* Begin PBXProject section */
		32EA044729241DC400BA7B57 /* Project object */ = {
			isa = PBXProject;
			attributes = {
				BuildIndependentTargetsInParallel = 1;
				LastSwiftUpdateCheck = 1410;
				LastUpgradeCheck = 1410;
				TargetAttributes = {
					32EA044E29241DC400BA7B57 = {
						CreatedOnToolsVersion = 14.1;
					};
					32EA046429241DC700BA7B57 = {
						CreatedOnToolsVersion = 14.1;
						TestTargetID = 32EA044E29241DC400BA7B57;
					};
					32EA046E29241DC700BA7B57 = {
						CreatedOnToolsVersion = 14.1;
						TestTargetID = 32EA044E29241DC400BA7B57;
					};
				};
			};
			buildConfigurationList = 32EA044A29241DC400BA7B57 /* Build configuration list for PBXProject "Chefs Eye" */;
			compatibilityVersion = "Xcode 14.0";
			developmentRegion = en;
			hasScannedForEncodings = 0;
			knownRegions = (
				en,
				Base,
			);
			mainGroup = 32EA044629241DC400BA7B57;
			productRefGroup = 32EA045029241DC400BA7B57 /* Products */;
			projectDirPath = "";
			projectRoot = "";
			targets = (
				32EA044E29241DC400BA7B57 /* Chefs Eye */,
				32EA046429241DC700BA7B57 /* Chefs EyeTests */,
				32EA046E29241DC700BA7B57 /* Chefs EyeUITests */,
			);
		};
/* End PBXProject section */

/* Begin PBXResourcesBuildPhase section */
		32EA044D29241DC400BA7B57 /* Resources */ = {
			isa = PBXResourcesBuildPhase;
			buildActionMask = 2147483647;
			files = (
				32EA045F29241DC600BA7B57 /* LaunchScreen.storyboard in Resources */,
				32EA045C29241DC600BA7B57 /* Assets.xcassets in Resources */,
				32EA045A29241DC400BA7B57 /* Main.storyboard in Resources */,
			);
			runOnlyForDeploymentPostprocessing = 0;
		};
		32EA046329241DC700BA7B57 /* Resources */ = {
			isa = PBXResourcesBuildPhase;
			buildActionMask = 2147483647;
			files = (
			);
			runOnlyForDeploymentPostprocessing = 0;
		};
		32EA046D29241DC700BA7B57 /* Resources */ = {
			isa = PBXResourcesBuildPhase;
			buildActionMask = 2147483647;
			files = (
			);
			runOnlyForDeploymentPostprocessing = 0;
		};
/* End PBXResourcesBuildPhase section */

/* Begin PBXSourcesBuildPhase section */
		32EA044B29241DC400BA7B57 /* Sources */ = {
			isa = PBXSourcesBuildPhase;
			buildActionMask = 2147483647;
			files = (
				32EA045729241DC400BA7B57 /* ViewController.swift in Sources */,
				32EA045329241DC400BA7B57 /* AppDelegate.swift in Sources */,
				32EA045529241DC400BA7B57 /* SceneDelegate.swift in Sources */,
			);
			runOnlyForDeploymentPostprocessing = 0;
		};
		32EA046129241DC700BA7B57 /* Sources */ = {
			isa = PBXSourcesBuildPhase;
			buildActionMask = 2147483647;
			files = (
				32EA046A29241DC700BA7B57 /* Chefs_EyeTests.swift in Sources */,
			);
			runOnlyForDeploymentPostprocessing = 0;
		};
		32EA046B29241DC700BA7B57 /* Sources */ = {
			isa = PBXSourcesBuildPhase;
			buildActionMask = 2147483647;
			files = (
				32EA047629241DC700BA7B57 /* Chefs_EyeUITestsLaunchTests.swift in Sources */,
				32EA047429241DC700BA7B57 /* Chefs_EyeUITests.swift in Sources */,
			);
			runOnlyForDeploymentPostprocessing = 0;
		};
/* End PBXSourcesBuildPhase section */

/* Begin PBXTargetDependency section */
		32EA046729241DC700BA7B57 /* PBXTargetDependency */ = {
			isa = PBXTargetDependency;
			target = 32EA044E29241DC400BA7B57 /* Chefs Eye */;
			targetProxy = 32EA046629241DC700BA7B57 /* PBXContainerItemProxy */;
		};
		32EA047129241DC700BA7B57 /* PBXTargetDependency */ = {
			isa = PBXTargetDependency;
			target = 32EA044E29241DC400BA7B57 /* Chefs Eye */;
			targetProxy = 32EA047029241DC700BA7B57 /* PBXContainerItemProxy */;
		};
/* End PBXTargetDependency section */

/* Begin PBXVariantGroup section */
		32EA045829241DC400BA7B57 /* Main.storyboard */ = {
			isa = PBXVariantGroup;
			children = (
				32EA045929241DC400BA7B57 /* Base */,
			);
			name = Main.storyboard;
			sourceTree = "<group>";
		};
		32EA045D29241DC600BA7B57 /* LaunchScreen.storyboard */ = {
			isa = PBXVariantGroup;
			children = (
				32EA045E29241DC600BA7B57 /* Base */,
			);
			name = LaunchScreen.storyboard;
			sourceTree = "<group>";
		};
/* End PBXVariantGroup section */

/* Begin XCBuildConfiguration section */
		32EA047729241DC700BA7B57 /* Debug */ = {
			isa = XCBuildConfiguration;
			buildSettings = {
				ALWAYS_SEARCH_USER_PATHS = NO;
				CLANG_ANALYZER_NONNULL = YES;
				CLANG_ANALYZER_NUMBER_OBJECT_CONVERSION = YES_AGGRESSIVE;
				CLANG_CXX_LANGUAGE_STANDARD = "gnu++20";
				CLANG_ENABLE_MODULES = YES;
				CLANG_ENABLE_OBJC_ARC = YES;
				CLANG_ENABLE_OBJC_WEAK = YES;
				CLANG_WARN_BLOCK_CAPTURE_AUTORELEASING = YES;
				CLANG_WARN_BOOL_CONVERSION = YES;
				CLANG_WARN_COMMA = YES;
				CLANG_WARN_CONSTANT_CONVERSION = YES;
				CLANG_WARN_DEPRECATED_OBJC_IMPLEMENTATIONS = YES;
				CLANG_WARN_DIRECT_OBJC_ISA_USAGE = YES_ERROR;
				CLANG_WARN_DOCUMENTATION_COMMENTS = YES;
				CLANG_WARN_EMPTY_BODY = YES;
				CLANG_WARN_ENUM_CONVERSION = YES;
				CLANG_WARN_INFINITE_RECURSION = YES;
				CLANG_WARN_INT_CONVERSION = YES;
				CLANG_WARN_NON_LITERAL_NULL_CONVERSION = YES;
				CLANG_WARN_OBJC_IMPLICIT_RETAIN_SELF = YES;
				CLANG_WARN_OBJC_LITERAL_CONVERSION = YES;
				CLANG_WARN_OBJC_ROOT_CLASS = YES_ERROR;
				CLANG_WARN_QUOTED_INCLUDE_IN_FRAMEWORK_HEADER = YES;
				CLANG_WARN_RANGE_LOOP_ANALYSIS = YES;
				CLANG_WARN_STRICT_PROTOTYPES = YES;
				CLANG_WARN_SUSPICIOUS_MOVE = YES;
				CLANG_WARN_UNGUARDED_AVAILABILITY = YES_AGGRESSIVE;
				CLANG_WARN_UNREACHABLE_CODE = YES;
				CLANG_WARN__DUPLICATE_METHOD_MATCH = YES;
				COPY_PHASE_STRIP = NO;
				DEBUG_INFORMATION_FORMAT = dwarf;
				ENABLE_STRICT_OBJC_MSGSEND = YES;
				ENABLE_TESTABILITY = YES;
				GCC_C_LANGUAGE_STANDARD = gnu11;
				GCC_DYNAMIC_NO_PIC = NO;
				GCC_NO_COMMON_BLOCKS = YES;
				GCC_OPTIMIZATION_LEVEL = 0;
				GCC_PREPROCESSOR_DEFINITIONS = (
					"DEBUG=1",
					"$(inherited)",
				);
				GCC_WARN_64_TO_32_BIT_CONVERSION = YES;
				GCC_WARN_ABOUT_RETURN_TYPE = YES_ERROR;
				GCC_WARN_UNDECLARED_SELECTOR = YES;
				GCC_WARN_UNINITIALIZED_AUTOS = YES_AGGRESSIVE;
				GCC_WARN_UNUSED_FUNCTION = YES;
				GCC_WARN_UNUSED_VARIABLE = YES;
				IPHONEOS_DEPLOYMENT_TARGET = 16.1;
				MTL_ENABLE_DEBUG_INFO = INCLUDE_SOURCE;
				MTL_FAST_MATH = YES;
				ONLY_ACTIVE_ARCH = YES;
				SDKROOT = iphoneos;
				SWIFT_ACTIVE_COMPILATION_CONDITIONS = DEBUG;
				SWIFT_OPTIMIZATION_LEVEL = "-Onone";
			};
			name = Debug;
		};
		32EA047829241DC700BA7B57 /* Release */ = {
			isa = XCBuildConfiguration;
			buildSettings = {
				ALWAYS_SEARCH_USER_PATHS = NO;
				CLANG_ANALYZER_NONNULL = YES;
				CLANG_ANALYZER_NUMBER_OBJECT_CONVERSION = YES_AGGRESSIVE;
				CLANG_CXX_LANGUAGE_STANDARD = "gnu++20";
				CLANG_ENABLE_MODULES = YES;
				CLANG_ENABLE_OBJC_ARC = YES;
				CLANG_ENABLE_OBJC_WEAK = YES;
				CLANG_WARN_BLOCK_CAPTURE_AUTORELEASING = YES;
				CLANG_WARN_BOOL_CONVERSION = YES;
				CLANG_WARN_COMMA = YES;
				CLANG_WARN_CONSTANT_CONVERSION = YES;
				CLANG_WARN_DEPRECATED_OBJC_IMPLEMENTATIONS = YES;
				CLANG_WARN_DIRECT_OBJC_ISA_USAGE = YES_ERROR;
				CLANG_WARN_DOCUMENTATION_COMMENTS = YES;
				CLANG_WARN_EMPTY_BODY = YES;
				CLANG_WARN_ENUM_CONVERSION = YES;
				CLANG_WARN_INFINITE_RECURSION = YES;
				CLANG_WARN_INT_CONVERSION = YES;
				CLANG_WARN_NON_LITERAL_NULL_CONVERSION = YES;
				CLANG_WARN_OBJC_IMPLICIT_RETAIN_SELF = YES;
				CLANG_WARN_OBJC_LITERAL_CONVERSION = YES;
				CLANG_WARN_OBJC_ROOT_CLASS = YES_ERROR;
				CLANG_WARN_QUOTED_INCLUDE_IN_FRAMEWORK_HEADER = YES;
				CLANG_WARN_RANGE_LOOP_ANALYSIS = YES;
				CLANG_WARN_STRICT_PROTOTYPES = YES;
				CLANG_WARN_SUSPICIOUS_MOVE = YES;
				CLANG_WARN_UNGUARDED_AVAILABILITY = YES_AGGRESSIVE;
				CLANG_WARN_UNREACHABLE_CODE = YES;
				CLANG_WARN__DUPLICATE_METHOD_MATCH = YES;
				COPY_PHASE_STRIP = NO;
				DEBUG_INFORMATION_FORMAT = "dwarf-with-dsym";
				ENABLE_NS_ASSERTIONS = NO;
				ENABLE_STRICT_OBJC_MSGSEND = YES;
				GCC_C_LANGUAGE_STANDARD = gnu11;
				GCC_NO_COMMON_BLOCKS = YES;
				GCC_WARN_64_TO_32_BIT_CONVERSION = YES;
				GCC_WARN_ABOUT_RETURN_TYPE = YES_ERROR;
				GCC_WARN_UNDECLARED_SELECTOR = YES;
				GCC_WARN_UNINITIALIZED_AUTOS = YES_AGGRESSIVE;
				GCC_WARN_UNUSED_FUNCTION = YES;
				GCC_WARN_UNUSED_VARIABLE = YES;
				IPHONEOS_DEPLOYMENT_TARGET = 16.1;
				MTL_ENABLE_DEBUG_INFO = NO;
				MTL_FAST_MATH = YES;
				SDKROOT = iphoneos;
				SWIFT_COMPILATION_MODE = wholemodule;
				SWIFT_OPTIMIZATION_LEVEL = "-O";
				VALIDATE_PRODUCT = YES;
			};
			name = Release;
		};
		32EA047A29241DC700BA7B57 /* Debug */ = {
			isa = XCBuildConfiguration;
			buildSettings = {
				ASSETCATALOG_COMPILER_APPICON_NAME = AppIcon;
				ASSETCATALOG_COMPILER_GLOBAL_ACCENT_COLOR_NAME = AccentColor;
				CODE_SIGN_STYLE = Automatic;
				CURRENT_PROJECT_VERSION = 1;
				DEVELOPMENT_TEAM = DK47ZGQX9C;
				GENERATE_INFOPLIST_FILE = YES;
				INFOPLIST_FILE = "Chefs Eye/Info.plist";
				INFOPLIST_KEY_UIApplicationSupportsIndirectInputEvents = YES;
				INFOPLIST_KEY_UILaunchStoryboardName = LaunchScreen;
				INFOPLIST_KEY_UIMainStoryboardFile = Main;
				INFOPLIST_KEY_UISupportedInterfaceOrientations_iPad = "UIInterfaceOrientationPortrait UIInterfaceOrientationPortraitUpsideDown UIInterfaceOrientationLandscapeLeft UIInterfaceOrientationLandscapeRight";
				INFOPLIST_KEY_UISupportedInterfaceOrientations_iPhone = "UIInterfaceOrientationPortrait UIInterfaceOrientationLandscapeLeft UIInterfaceOrientationLandscapeRight";
				IPHONEOS_DEPLOYMENT_TARGET = 13.0;
				LD_RUNPATH_SEARCH_PATHS = (
					"$(inherited)",
					"@executable_path/Frameworks",
				);
				MARKETING_VERSION = 1.0;
				PRODUCT_BUNDLE_IDENTIFIER = "com.yusufkeskin.Chefs-Eye";
				PRODUCT_NAME = "$(TARGET_NAME)";
				SWIFT_EMIT_LOC_STRINGS = YES;
				SWIFT_VERSION = 5.0;
				TARGETED_DEVICE_FAMILY = "1,2";
			};
			name = Debug;
		};
		32EA047B29241DC700BA7B57 /* Release */ = {
			isa = XCBuildConfiguration;
			buildSettings = {
				ASSETCATALOG_COMPILER_APPICON_NAME = AppIcon;
				ASSETCATALOG_COMPILER_GLOBAL_ACCENT_COLOR_NAME = AccentColor;
				CODE_SIGN_STYLE = Automatic;
				CURRENT_PROJECT_VERSION = 1;
				DEVELOPMENT_TEAM = DK47ZGQX9C;
				GENERATE_INFOPLIST_FILE = YES;
				INFOPLIST_FILE = "Chefs Eye/Info.plist";
				INFOPLIST_KEY_UIApplicationSupportsIndirectInputEvents = YES;
				INFOPLIST_KEY_UILaunchStoryboardName = LaunchScreen;
				INFOPLIST_KEY_UIMainStoryboardFile = Main;
				INFOPLIST_KEY_UISupportedInterfaceOrientations_iPad = "UIInterfaceOrientationPortrait UIInterfaceOrientationPortraitUpsideDown UIInterfaceOrientationLandscapeLeft UIInterfaceOrientationLandscapeRight";
				INFOPLIST_KEY_UISupportedInterfaceOrientations_iPhone = "UIInterfaceOrientationPortrait UIInterfaceOrientationLandscapeLeft UIInterfaceOrientationLandscapeRight";
				IPHONEOS_DEPLOYMENT_TARGET = 13.0;
				LD_RUNPATH_SEARCH_PATHS = (
					"$(inherited)",
					"@executable_path/Frameworks",
				);
				MARKETING_VERSION = 1.0;
				PRODUCT_BUNDLE_IDENTIFIER = "com.yusufkeskin.Chefs-Eye";
				PRODUCT_NAME = "$(TARGET_NAME)";
				SWIFT_EMIT_LOC_STRINGS = YES;
				SWIFT_VERSION = 5.0;
				TARGETED_DEVICE_FAMILY = "1,2";
			};
			name = Release;
		};
		32EA047D29241DC700BA7B57 /* Debug */ = {
			isa = XCBuildConfiguration;
			buildSettings = {
				ALWAYS_EMBED_SWIFT_STANDARD_LIBRARIES = YES;
				BUNDLE_LOADER = "$(TEST_HOST)";
				CODE_SIGN_STYLE = Automatic;
				CURRENT_PROJECT_VERSION = 1;
				DEVELOPMENT_TEAM = DK47ZGQX9C;
				GENERATE_INFOPLIST_FILE = YES;
				IPHONEOS_DEPLOYMENT_TARGET = 16.1;
				MARKETING_VERSION = 1.0;
				PRODUCT_BUNDLE_IDENTIFIER = "com.yusufkeskin.Chefs-EyeTests";
				PRODUCT_NAME = "$(TARGET_NAME)";
				SWIFT_EMIT_LOC_STRINGS = NO;
				SWIFT_VERSION = 5.0;
				TARGETED_DEVICE_FAMILY = "1,2";
				TEST_HOST = "$(BUILT_PRODUCTS_DIR)/Chefs Eye.app/$(BUNDLE_EXECUTABLE_FOLDER_PATH)/Chefs Eye";
			};
			name = Debug;
		};
		32EA047E29241DC700BA7B57 /* Release */ = {
			isa = XCBuildConfiguration;
			buildSettings = {
				ALWAYS_EMBED_SWIFT_STANDARD_LIBRARIES = YES;
				BUNDLE_LOADER = "$(TEST_HOST)";
				CODE_SIGN_STYLE = Automatic;
				CURRENT_PROJECT_VERSION = 1;
				DEVELOPMENT_TEAM = DK47ZGQX9C;
				GENERATE_INFOPLIST_FILE = YES;
				IPHONEOS_DEPLOYMENT_TARGET = 16.1;
				MARKETING_VERSION = 1.0;
				PRODUCT_BUNDLE_IDENTIFIER = "com.yusufkeskin.Chefs-EyeTests";
				PRODUCT_NAME = "$(TARGET_NAME)";
				SWIFT_EMIT_LOC_STRINGS = NO;
				SWIFT_VERSION = 5.0;
				TARGETED_DEVICE_FAMILY = "1,2";
				TEST_HOST = "$(BUILT_PRODUCTS_DIR)/Chefs Eye.app/$(BUNDLE_EXECUTABLE_FOLDER_PATH)/Chefs Eye";
			};
			name = Release;
		};
		32EA048029241DC700BA7B57 /* Debug */ = {
			isa = XCBuildConfiguration;
			buildSettings = {
				ALWAYS_EMBED_SWIFT_STANDARD_LIBRARIES = YES;
				CODE_SIGN_STYLE = Automatic;
				CURRENT_PROJECT_VERSION = 1;
				DEVELOPMENT_TEAM = DK47ZGQX9C;
				GENERATE_INFOPLIST_FILE = YES;
				MARKETING_VERSION = 1.0;
				PRODUCT_BUNDLE_IDENTIFIER = "com.yusufkeskin.Chefs-EyeUITests";
				PRODUCT_NAME = "$(TARGET_NAME)";
				SWIFT_EMIT_LOC_STRINGS = NO;
				SWIFT_VERSION = 5.0;
				TARGETED_DEVICE_FAMILY = "1,2";
				TEST_TARGET_NAME = "Chefs Eye";
			};
			name = Debug;
		};
		32EA048129241DC700BA7B57 /* Release */ = {
			isa = XCBuildConfiguration;
			buildSettings = {
				ALWAYS_EMBED_SWIFT_STANDARD_LIBRARIES = YES;
				CODE_SIGN_STYLE = Automatic;
				CURRENT_PROJECT_VERSION = 1;
				DEVELOPMENT_TEAM = DK47ZGQX9C;
				GENERATE_INFOPLIST_FILE = YES;
				MARKETING_VERSION = 1.0;
				PRODUCT_BUNDLE_IDENTIFIER = "com.yusufkeskin.Chefs-EyeUITests";
				PRODUCT_NAME = "$(TARGET_NAME)";
				SWIFT_EMIT_LOC_STRINGS = NO;
				SWIFT_VERSION = 5.0;
				TARGETED_DEVICE_FAMILY = "1,2";
				TEST_TARGET_NAME = "Chefs Eye";
			};
			name = Release;
		};
/* End XCBuildConfiguration section */

/* Begin XCConfigurationList section */
		32EA044A29241DC400BA7B57 /* Build configuration list for PBXProject "Chefs Eye" */ = {
			isa = XCConfigurationList;
			buildConfigurations = (
				32EA047729241DC700BA7B57 /* Debug */,
				32EA047829241DC700BA7B57 /* Release */,
			);
			defaultConfigurationIsVisible = 0;
			defaultConfigurationName = Release;
		};
		32EA047929241DC700BA7B57 /* Build configuration list for PBXNativeTarget "Chefs Eye" */ = {
			isa = XCConfigurationList;
			buildConfigurations = (
				32EA047A29241DC700BA7B57 /* Debug */,
				32EA047B29241DC700BA7B57 /* Release */,
			);
			defaultConfigurationIsVisible = 0;
			defaultConfigurationName = Release;
		};
		32EA047C29241DC700BA7B57 /* Build configuration list for PBXNativeTarget "Chefs EyeTests" */ = {
			isa = XCConfigurationList;
			buildConfigurations = (
				32EA047D29241DC700BA7B57 /* Debug */,
				32EA047E29241DC700BA7B57 /* Release */,
			);
			defaultConfigurationIsVisible = 0;
			defaultConfigurationName = Release;
		};
		32EA047F29241DC700BA7B57 /* Build configuration list for PBXNativeTarget "Chefs EyeUITests" */ = {
			isa = XCConfigurationList;
			buildConfigurations = (
				32EA048029241DC700BA7B57 /* Debug */,
				32EA048129241DC700BA7B57 /* Release */,
			);
			defaultConfigurationIsVisible = 0;
			defaultConfigurationName = Release;
		};
/* End XCConfigurationList section */
	};
	rootObject = 32EA044729241DC400BA7B57 /* Project object */;
}
